
Microsoft Visual Studio Solution File, Format Version 12.00
# Visual Studio 15
VisualStudioVersion = 15.0.28307.1000
MinimumVisualStudioVersion = 10.0.40219.1
Project("{FAE04EC0-301F-11D3-BF4B-00C04F79EFBC}") = "0xEngine", "0xEngine\0xEngine.csproj", "{19E929D7-E376-48A0-A9A3-F0BEC7AD346C}"
EndProject
Project("{FAE04EC0-301F-11D3-BF4B-00C04F79EFBC}") = "0xEngineLight", "0xEngineLight\0xEngineLight.csproj", "{A8F59219-0C37-47F4-A6E5-D8EC56395791}"
EndProject
Global
	GlobalSection(SolutionConfigurationPlatforms) = preSolution
		Debug|Any CPU = Debug|Any CPU
		Release|Any CPU = Release|Any CPU
	EndGlobalSection
	GlobalSection(ProjectConfigurationPlatforms) = postSolution
		{19E929D7-E376-48A0-A9A3-F0BEC7AD346C}.Debug|Any CPU.ActiveCfg = Debug|Any CPU
		{19E929D7-E376-48A0-A9A3-F0BEC7AD346C}.Debug|Any CPU.Build.0 = Debug|Any CPU
		{19E929D7-E376-48A0-A9A3-F0BEC7AD346C}.Release|Any CPU.ActiveCfg = Release|Any CPU
		{19E929D7-E376-48A0-A9A3-F0BEC7AD346C}.Release|Any CPU.Build.0 = Release|Any CPU
		{A8F59219-0C37-47F4-A6E5-D8EC56395791}.Debug|Any CPU.ActiveCfg = Debug|Any CPU
		{A8F59219-0C37-47F4-A6E5-D8EC56395791}.Debug|Any CPU.Build.0 = Debug|Any CPU
		{A8F59219-0C37-47F4-A6E5-D8EC56395791}.Release|Any CPU.ActiveCfg = Release|Any CPU
		{A8F59219-0C37-47F4-A6E5-D8EC56395791}.Release|Any CPU.Build.0 = Release|Any CPU
	EndGlobalSection
	GlobalSection(SolutionProperties) = preSolution
		HideSolutionNode = FALSE
	EndGlobalSection
	GlobalSection(ExtensibilityGlobals) = postSolution
		SolutionGuid = {60D82D19-6553-4886-AAAC-AB2FFC110006}
	EndGlobalSection
EndGlobal
